
Microsoft Visual Studio Solution File, Format Version 12.00
# Visual Studio Version 16
VisualStudioVersion = 16.0.31005.135
MinimumVisualStudioVersion = 10.0.40219.1
Project("{FAE04EC0-301F-11D3-BF4B-00C04F79EFBC}") = "MVCOefening07", "MVCOefening07\MVCOefening07.csproj", "{75C56AB7-DA8D-4DFD-8DBD-D551A75B4BC6}"
EndProject
Global
	GlobalSection(SolutionConfigurationPlatforms) = preSolution
		Debug|Any CPU = Debug|Any CPU
		Release|Any CPU = Release|Any CPU
	EndGlobalSection
	GlobalSection(ProjectConfigurationPlatforms) = postSolution
		{75C56AB7-DA8D-4DFD-8DBD-D551A75B4BC6}.Debug|Any CPU.ActiveCfg = Debug|Any CPU
		{75C56AB7-DA8D-4DFD-8DBD-D551A75B4BC6}.Debug|Any CPU.Build.0 = Debug|Any CPU
		{75C56AB7-DA8D-4DFD-8DBD-D551A75B4BC6}.Release|Any CPU.ActiveCfg = Release|Any CPU
		{75C56AB7-DA8D-4DFD-8DBD-D551A75B4BC6}.Release|Any CPU.Build.0 = Release|Any CPU
	EndGlobalSection
	GlobalSection(SolutionProperties) = preSolution
		HideSolutionNode = FALSE
	EndGlobalSection
	GlobalSection(ExtensibilityGlobals) = postSolution
		SolutionGuid = {CC44EF15-22BE-4F4D-A0E2-AA1D1E6650E5}
	EndGlobalSection
EndGlobal
